// !$*UTF8*$!
{
	archiveVersion = 1;
	classes = {
	};
	objectVersion = 51;
	objects = {

/* Begin PBXBuildFile section */
		645B518982282BC51C50A1E7 /* Pods_ListJob.framework in Frameworks */ = {isa = PBXBuildFile; fileRef = 2C03E66671C286FD907F052D /* Pods_ListJob.framework */; };
		B136AEE423BEDADB00647D93 /* AppDelegate.swift in Sources */ = {isa = PBXBuildFile; fileRef = B136AEE323BEDADB00647D93 /* AppDelegate.swift */; };
		B136AEE623BEDADB00647D93 /* SceneDelegate.swift in Sources */ = {isa = PBXBuildFile; fileRef = B136AEE523BEDADB00647D93 /* SceneDelegate.swift */; };
		B136AEE823BEDADB00647D93 /* ViewController.swift in Sources */ = {isa = PBXBuildFile; fileRef = B136AEE723BEDADB00647D93 /* ViewController.swift */; };
		B136AEEB23BEDADB00647D93 /* Main.storyboard in Resources */ = {isa = PBXBuildFile; fileRef = B136AEE923BEDADB00647D93 /* Main.storyboard */; };
		B136AEED23BEDAE000647D93 /* Assets.xcassets in Resources */ = {isa = PBXBuildFile; fileRef = B136AEEC23BEDAE000647D93 /* Assets.xcassets */; };
		B136AEF023BEDAE000647D93 /* LaunchScreen.storyboard in Resources */ = {isa = PBXBuildFile; fileRef = B136AEEE23BEDAE000647D93 /* LaunchScreen.storyboard */; };
		B136AEFB23BEEC0000647D93 /* Item.swift in Sources */ = {isa = PBXBuildFile; fileRef = B136AEFA23BEEC0000647D93 /* Item.swift */; };
		B136AEFD23BEF2FC00647D93 /* Category.swift in Sources */ = {isa = PBXBuildFile; fileRef = B136AEFC23BEF2FC00647D93 /* Category.swift */; };
		B136AEFF23BEF75100647D93 /* CategoryViewController.swift in Sources */ = {isa = PBXBuildFile; fileRef = B136AEFE23BEF75100647D93 /* CategoryViewController.swift */; };
/* End PBXBuildFile section */

/* Begin PBXFileReference section */
		16C5D2C4F5DDBA274A561D64 /* Pods-ListJob.debug.xcconfig */ = {isa = PBXFileReference; includeInIndex = 1; lastKnownFileType = text.xcconfig; name = "Pods-ListJob.debug.xcconfig"; path = "Target Support Files/Pods-ListJob/Pods-ListJob.debug.xcconfig"; sourceTree = "<group>"; };
		2C03E66671C286FD907F052D /* Pods_ListJob.framework */ = {isa = PBXFileReference; explicitFileType = wrapper.framework; includeInIndex = 0; path = Pods_ListJob.framework; sourceTree = BUILT_PRODUCTS_DIR; };
		758E92A8E5359134AE338153 /* Pods-ListJob.release.xcconfig */ = {isa = PBXFileReference; includeInIndex = 1; lastKnownFileType = text.xcconfig; name = "Pods-ListJob.release.xcconfig"; path = "Target Support Files/Pods-ListJob/Pods-ListJob.release.xcconfig"; sourceTree = "<group>"; };
		B136AEE023BEDADB00647D93 /* ListJob.app */ = {isa = PBXFileReference; explicitFileType = wrapper.application; includeInIndex = 0; path = ListJob.app; sourceTree = BUILT_PRODUCTS_DIR; };
		B136AEE323BEDADB00647D93 /* AppDelegate.swift */ = {isa = PBXFileReference; lastKnownFileType = sourcecode.swift; path = AppDelegate.swift; sourceTree = "<group>"; };
		B136AEE523BEDADB00647D93 /* SceneDelegate.swift */ = {isa = PBXFileReference; lastKnownFileType = sourcecode.swift; path = SceneDelegate.swift; sourceTree = "<group>"; };
		B136AEE723BEDADB00647D93 /* ViewController.swift */ = {isa = PBXFileReference; lastKnownFileType = sourcecode.swift; path = ViewController.swift; sourceTree = "<group>"; };
		B136AEEA23BEDADB00647D93 /* Base */ = {isa = PBXFileReference; lastKnownFileType = file.storyboard; name = Base; path = Base.lproj/Main.storyboard; sourceTree = "<group>"; };
		B136AEEC23BEDAE000647D93 /* Assets.xcassets */ = {isa = PBXFileReference; lastKnownFileType = folder.assetcatalog; path = Assets.xcassets; sourceTree = "<group>"; };
		B136AEEF23BEDAE000647D93 /* Base */ = {isa = PBXFileReference; lastKnownFileType = file.storyboard; name = Base; path = Base.lproj/LaunchScreen.storyboard; sourceTree = "<group>"; };
		B136AEF123BEDAE000647D93 /* Info.plist */ = {isa = PBXFileReference; lastKnownFileType = text.plist.xml; path = Info.plist; sourceTree = "<group>"; };
		B136AEFA23BEEC0000647D93 /* Item.swift */ = {isa = PBXFileReference; lastKnownFileType = sourcecode.swift; name = Item.swift; path = ListJob/Item.swift; sourceTree = SOURCE_ROOT; };
		B136AEFC23BEF2FC00647D93 /* Category.swift */ = {isa = PBXFileReference; lastKnownFileType = sourcecode.swift; path = Category.swift; sourceTree = "<group>"; };
		B136AEFE23BEF75100647D93 /* CategoryViewController.swift */ = {isa = PBXFileReference; lastKnownFileType = sourcecode.swift; name = CategoryViewController.swift; path = ListJob/Models/CategoryViewController.swift; sourceTree = SOURCE_ROOT; };
/* End PBXFileReference section */

/* Begin PBXFrameworksBuildPhase section */
		B136AEDD23BEDADB00647D93 /* Frameworks */ = {
			isa = PBXFrameworksBuildPhase;
			buildActionMask = 2147483647;
			files = (
				645B518982282BC51C50A1E7 /* Pods_ListJob.framework in Frameworks */,
			);
			runOnlyForDeploymentPostprocessing = 0;
		};
/* End PBXFrameworksBuildPhase section */

/* Begin PBXGroup section */
		37236DCA6C765FAB042C236D /* Frameworks */ = {
			isa = PBXGroup;
			children = (
				2C03E66671C286FD907F052D /* Pods_ListJob.framework */,
			);
			name = Frameworks;
			sourceTree = "<group>";
		};
		B136AED723BEDADB00647D93 = {
			isa = PBXGroup;
			children = (
				B136AEE223BEDADB00647D93 /* ListJob */,
				B136AEE123BEDADB00647D93 /* Products */,
				DA76AFF31D81749DF33FD60D /* Pods */,
				37236DCA6C765FAB042C236D /* Frameworks */,
			);
			sourceTree = "<group>";
		};
		B136AEE123BEDADB00647D93 /* Products */ = {
			isa = PBXGroup;
			children = (
				B136AEE023BEDADB00647D93 /* ListJob.app */,
			);
			name = Products;
			sourceTree = "<group>";
		};
		B136AEE223BEDADB00647D93 /* ListJob */ = {
			isa = PBXGroup;
			children = (
				B136AEF923BEE8AB00647D93 /* Models */,
				B136AEF823BEE89600647D93 /* Controllers */,
				B136AEF723BEE88800647D93 /* Views */,
				B136AEE323BEDADB00647D93 /* AppDelegate.swift */,
				B136AEE523BEDADB00647D93 /* SceneDelegate.swift */,
				B136AEE723BEDADB00647D93 /* ViewController.swift */,
				B136AEE923BEDADB00647D93 /* Main.storyboard */,
				B136AEEC23BEDAE000647D93 /* Assets.xcassets */,
				B136AEEE23BEDAE000647D93 /* LaunchScreen.storyboard */,
				B136AEF123BEDAE000647D93 /* Info.plist */,
			);
			path = ListJob;
			sourceTree = "<group>";
		};
		B136AEF723BEE88800647D93 /* Views */ = {
			isa = PBXGroup;
			children = (
			);
			path = Views;
			sourceTree = "<group>";
		};
		B136AEF823BEE89600647D93 /* Controllers */ = {
			isa = PBXGroup;
			children = (
				B136AEFE23BEF75100647D93 /* CategoryViewController.swift */,
			);
			path = Controllers;
			sourceTree = "<group>";
		};
		B136AEF923BEE8AB00647D93 /* Models */ = {
			isa = PBXGroup;
			children = (
				B136AEFA23BEEC0000647D93 /* Item.swift */,
				B136AEFC23BEF2FC00647D93 /* Category.swift */,
			);
			path = Models;
			sourceTree = "<group>";
		};
		DA76AFF31D81749DF33FD60D /* Pods */ = {
			isa = PBXGroup;
			children = (
				16C5D2C4F5DDBA274A561D64 /* Pods-ListJob.debug.xcconfig */,
				758E92A8E5359134AE338153 /* Pods-ListJob.release.xcconfig */,
			);
			path = Pods;
			sourceTree = "<group>";
		};
/* End PBXGroup section */

/* Begin PBXNativeTarget section */
		B136AEDF23BEDADB00647D93 /* ListJob */ = {
			isa = PBXNativeTarget;
			buildConfigurationList = B136AEF423BEDAE000647D93 /* Build configuration list for PBXNativeTarget "ListJob" */;
			buildPhases = (
				7DF10256E6111A09FA2F6570 /* [CP] Check Pods Manifest.lock */,
				B136AEDC23BEDADB00647D93 /* Sources */,
				B136AEDD23BEDADB00647D93 /* Frameworks */,
				B136AEDE23BEDADB00647D93 /* Resources */,
				B57AFA9AC2045B04FC206B79 /* [CP] Embed Pods Frameworks */,
			);
			buildRules = (
			);
			dependencies = (
			);
			name = ListJob;
			productName = ListJob;
			productReference = B136AEE023BEDADB00647D93 /* ListJob.app */;
			productType = "com.apple.product-type.application";
		};
/* End PBXNativeTarget section */

/* Begin PBXProject section */
		B136AED823BEDADB00647D93 /* Project object */ = {
			isa = PBXProject;
			attributes = {
				LastSwiftUpdateCheck = 1130;
				LastUpgradeCheck = 1130;
				ORGANIZATIONNAME = QN;
				TargetAttributes = {
					B136AEDF23BEDADB00647D93 = {
						CreatedOnToolsVersion = 11.3;
					};
				};
			};
			buildConfigurationList = B136AEDB23BEDADB00647D93 /* Build configuration list for PBXProject "ListJob" */;
			compatibilityVersion = "Xcode 9.3";
			developmentRegion = en;
			hasScannedForEncodings = 0;
			knownRegions = (
				en,
				Base,
			);
			mainGroup = B136AED723BEDADB00647D93;
			productRefGroup = B136AEE123BEDADB00647D93 /* Products */;
			projectDirPath = "";
			projectRoot = "";
			targets = (
				B136AEDF23BEDADB00647D93 /* ListJob */,
			);
		};
/* End PBXProject section */

/* Begin PBXResourcesBuildPhase section */
		B136AEDE23BEDADB00647D93 /* Resources */ = {
			isa = PBXResourcesBuildPhase;
			buildActionMask = 2147483647;
			files = (
				B136AEF023BEDAE000647D93 /* LaunchScreen.storyboard in Resources */,
				B136AEED23BEDAE000647D93 /* Assets.xcassets in Resources */,
				B136AEEB23BEDADB00647D93 /* Main.storyboard in Resources */,
			);
			runOnlyForDeploymentPostprocessing = 0;
		};
/* End PBXResourcesBuildPhase section */

/* Begin PBXShellScriptBuildPhase section */
		7DF10256E6111A09FA2F6570 /* [CP] Check Pods Manifest.lock */ = {
			isa = PBXShellScriptBuildPhase;
			buildActionMask = 2147483647;
			files = (
			);
			inputFileListPaths = (
			);
			inputPaths = (
				"${PODS_PODFILE_DIR_PATH}/Podfile.lock",
				"${PODS_ROOT}/Manifest.lock",
			);
			name = "[CP] Check Pods Manifest.lock";
			outputFileListPaths = (
			);
			outputPaths = (
				"$(DERIVED_FILE_DIR)/Pods-ListJob-checkManifestLockResult.txt",
			);
			runOnlyForDeploymentPostprocessing = 0;
			shellPath = /bin/sh;
			shellScript = "diff \"${PODS_PODFILE_DIR_PATH}/Podfile.lock\" \"${PODS_ROOT}/Manifest.lock\" > /dev/null\nif [ $? != 0 ] ; then\n    # print error to STDERR\n    echo \"error: The sandbox is not in sync with the Podfile.lock. Run 'pod install' or update your CocoaPods installation.\" >&2\n    exit 1\nfi\n# This output is used by Xcode 'outputs' to avoid re-running this script phase.\necho \"SUCCESS\" > \"${SCRIPT_OUTPUT_FILE_0}\"\n";
			showEnvVarsInLog = 0;
		};
		B57AFA9AC2045B04FC206B79 /* [CP] Embed Pods Frameworks */ = {
			isa = PBXShellScriptBuildPhase;
			buildActionMask = 2147483647;
			files = (
			);
			inputFileListPaths = (
				"${PODS_ROOT}/Target Support Files/Pods-ListJob/Pods-ListJob-frameworks-${CONFIGURATION}-input-files.xcfilelist",
			);
			name = "[CP] Embed Pods Frameworks";
			outputFileListPaths = (
				"${PODS_ROOT}/Target Support Files/Pods-ListJob/Pods-ListJob-frameworks-${CONFIGURATION}-output-files.xcfilelist",
			);
			runOnlyForDeploymentPostprocessing = 0;
			shellPath = /bin/sh;
			shellScript = "\"${PODS_ROOT}/Target Support Files/Pods-ListJob/Pods-ListJob-frameworks.sh\"\n";
			showEnvVarsInLog = 0;
		};
/* End PBXShellScriptBuildPhase section */

/* Begin PBXSourcesBuildPhase section */
		B136AEDC23BEDADB00647D93 /* Sources */ = {
			isa = PBXSourcesBuildPhase;
			buildActionMask = 2147483647;
			files = (
				B136AEFB23BEEC0000647D93 /* Item.swift in Sources */,
				B136AEFD23BEF2FC00647D93 /* Category.swift in Sources */,
				B136AEE823BEDADB00647D93 /* ViewController.swift in Sources */,
				B136AEE423BEDADB00647D93 /* AppDelegate.swift in Sources */,
				B136AEFF23BEF75100647D93 /* CategoryViewController.swift in Sources */,
				B136AEE623BEDADB00647D93 /* SceneDelegate.swift in Sources */,
			);
			runOnlyForDeploymentPostprocessing = 0;
		};
/* End PBXSourcesBuildPhase section */

/* Begin PBXVariantGroup section */
		B136AEE923BEDADB00647D93 /* Main.storyboard */ = {
			isa = PBXVariantGroup;
			children = (
				B136AEEA23BEDADB00647D93 /* Base */,
			);
			name = Main.storyboard;
			sourceTree = "<group>";
		};
		B136AEEE23BEDAE000647D93 /* LaunchScreen.storyboard */ = {
			isa = PBXVariantGroup;
			children = (
				B136AEEF23BEDAE000647D93 /* Base */,
			);
			name = LaunchScreen.storyboard;
			sourceTree = "<group>";
		};
/* End PBXVariantGroup section */

/* Begin XCBuildConfiguration section */
		B136AEF223BEDAE000647D93 /* Debug */ = {
			isa = XCBuildConfiguration;
			buildSettings = {
				ALWAYS_SEARCH_USER_PATHS = NO;
				CLANG_ANALYZER_NONNULL = YES;
				CLANG_ANALYZER_NUMBER_OBJECT_CONVERSION = YES_AGGRESSIVE;
				CLANG_CXX_LANGUAGE_STANDARD = "gnu++14";
				CLANG_CXX_LIBRARY = "libc++";
				CLANG_ENABLE_MODULES = YES;
				CLANG_ENABLE_OBJC_ARC = YES;
				CLANG_ENABLE_OBJC_WEAK = YES;
				CLANG_WARN_BLOCK_CAPTURE_AUTORELEASING = YES;
				CLANG_WARN_BOOL_CONVERSION = YES;
				CLANG_WARN_COMMA = YES;
				CLANG_WARN_CONSTANT_CONVERSION = YES;
				CLANG_WARN_DEPRECATED_OBJC_IMPLEMENTATIONS = YES;
				CLANG_WARN_DIRECT_OBJC_ISA_USAGE = YES_ERROR;
				CLANG_WARN_DOCUMENTATION_COMMENTS = YES;
				CLANG_WARN_EMPTY_BODY = YES;
				CLANG_WARN_ENUM_CONVERSION = YES;
				CLANG_WARN_INFINITE_RECURSION = YES;
				CLANG_WARN_INT_CONVERSION = YES;
				CLANG_WARN_NON_LITERAL_NULL_CONVERSION = YES;
				CLANG_WARN_OBJC_IMPLICIT_RETAIN_SELF = YES;
				CLANG_WARN_OBJC_LITERAL_CONVERSION = YES;
				CLANG_WARN_OBJC_ROOT_CLASS = YES_ERROR;
				CLANG_WARN_RANGE_LOOP_ANALYSIS = YES;
				CLANG_WARN_STRICT_PROTOTYPES = YES;
				CLANG_WARN_SUSPICIOUS_MOVE = YES;
				CLANG_WARN_UNGUARDED_AVAILABILITY = YES_AGGRESSIVE;
				CLANG_WARN_UNREACHABLE_CODE = YES;
				CLANG_WARN__DUPLICATE_METHOD_MATCH = YES;
				COPY_PHASE_STRIP = NO;
				DEBUG_INFORMATION_FORMAT = dwarf;
				ENABLE_STRICT_OBJC_MSGSEND = YES;
				ENABLE_TESTABILITY = YES;
				GCC_C_LANGUAGE_STANDARD = gnu11;
				GCC_DYNAMIC_NO_PIC = NO;
				GCC_NO_COMMON_BLOCKS = YES;
				GCC_OPTIMIZATION_LEVEL = 0;
				GCC_PREPROCESSOR_DEFINITIONS = (
					"DEBUG=1",
					"$(inherited)",
				);
				GCC_WARN_64_TO_32_BIT_CONVERSION = YES;
				GCC_WARN_ABOUT_RETURN_TYPE = YES_ERROR;
				GCC_WARN_UNDECLARED_SELECTOR = YES;
				GCC_WARN_UNINITIALIZED_AUTOS = YES_AGGRESSIVE;
				GCC_WARN_UNUSED_FUNCTION = YES;
				GCC_WARN_UNUSED_VARIABLE = YES;
				IPHONEOS_DEPLOYMENT_TARGET = 13.2;
				MTL_ENABLE_DEBUG_INFO = INCLUDE_SOURCE;
				MTL_FAST_MATH = YES;
				ONLY_ACTIVE_ARCH = YES;
				SDKROOT = iphoneos;
				SWIFT_ACTIVE_COMPILATION_CONDITIONS = DEBUG;
				SWIFT_OPTIMIZATION_LEVEL = "-Onone";
			};
			name = Debug;
		};
		B136AEF323BEDAE000647D93 /* Release */ = {
			isa = XCBuildConfiguration;
			buildSettings = {
				ALWAYS_SEARCH_USER_PATHS = NO;
				CLANG_ANALYZER_NONNULL = YES;
				CLANG_ANALYZER_NUMBER_OBJECT_CONVERSION = YES_AGGRESSIVE;
				CLANG_CXX_LANGUAGE_STANDARD = "gnu++14";
				CLANG_CXX_LIBRARY = "libc++";
				CLANG_ENABLE_MODULES = YES;
				CLANG_ENABLE_OBJC_ARC = YES;
				CLANG_ENABLE_OBJC_WEAK = YES;
				CLANG_WARN_BLOCK_CAPTURE_AUTORELEASING = YES;
				CLANG_WARN_BOOL_CONVERSION = YES;
				CLANG_WARN_COMMA = YES;
				CLANG_WARN_CONSTANT_CONVERSION = YES;
				CLANG_WARN_DEPRECATED_OBJC_IMPLEMENTATIONS = YES;
				CLANG_WARN_DIRECT_OBJC_ISA_USAGE = YES_ERROR;
				CLANG_WARN_DOCUMENTATION_COMMENTS = YES;
				CLANG_WARN_EMPTY_BODY = YES;
				CLANG_WARN_ENUM_CONVERSION = YES;
				CLANG_WARN_INFINITE_RECURSION = YES;
				CLANG_WARN_INT_CONVERSION = YES;
				CLANG_WARN_NON_LITERAL_NULL_CONVERSION = YES;
				CLANG_WARN_OBJC_IMPLICIT_RETAIN_SELF = YES;
				CLANG_WARN_OBJC_LITERAL_CONVERSION = YES;
				CLANG_WARN_OBJC_ROOT_CLASS = YES_ERROR;
				CLANG_WARN_RANGE_LOOP_ANALYSIS = YES;
				CLANG_WARN_STRICT_PROTOTYPES = YES;
				CLANG_WARN_SUSPICIOUS_MOVE = YES;
				CLANG_WARN_UNGUARDED_AVAILABILITY = YES_AGGRESSIVE;
				CLANG_WARN_UNREACHABLE_CODE = YES;
				CLANG_WARN__DUPLICATE_METHOD_MATCH = YES;
				COPY_PHASE_STRIP = NO;
				DEBUG_INFORMATION_FORMAT = "dwarf-with-dsym";
				ENABLE_NS_ASSERTIONS = NO;
				ENABLE_STRICT_OBJC_MSGSEND = YES;
				GCC_C_LANGUAGE_STANDARD = gnu11;
				GCC_NO_COMMON_BLOCKS = YES;
				GCC_WARN_64_TO_32_BIT_CONVERSION = YES;
				GCC_WARN_ABOUT_RETURN_TYPE = YES_ERROR;
				GCC_WARN_UNDECLARED_SELECTOR = YES;
				GCC_WARN_UNINITIALIZED_AUTOS = YES_AGGRESSIVE;
				GCC_WARN_UNUSED_FUNCTION = YES;
				GCC_WARN_UNUSED_VARIABLE = YES;
				IPHONEOS_DEPLOYMENT_TARGET = 13.2;
				MTL_ENABLE_DEBUG_INFO = NO;
				MTL_FAST_MATH = YES;
				SDKROOT = iphoneos;
				SWIFT_COMPILATION_MODE = wholemodule;
				SWIFT_OPTIMIZATION_LEVEL = "-O";
				VALIDATE_PRODUCT = YES;
			};
			name = Release;
		};
		B136AEF523BEDAE000647D93 /* Debug */ = {
			isa = XCBuildConfiguration;
			baseConfigurationReference = 16C5D2C4F5DDBA274A561D64 /* Pods-ListJob.debug.xcconfig */;
			buildSettings = {
				ASSETCATALOG_COMPILER_APPICON_NAME = AppIcon;
				CODE_SIGN_STYLE = Automatic;
				DEVELOPMENT_TEAM = RGJ5CW2Q26;
				INFOPLIST_FILE = ListJob/Info.plist;
				LD_RUNPATH_SEARCH_PATHS = (
					"$(inherited)",
					"@executable_path/Frameworks",
				);
				PRODUCT_BUNDLE_IDENTIFIER = qn.ListJob;
				PRODUCT_NAME = "$(TARGET_NAME)";
				SWIFT_VERSION = 5.0;
				TARGETED_DEVICE_FAMILY = "1,2";
			};
			name = Debug;
		};
		B136AEF623BEDAE000647D93 /* Release */ = {
			isa = XCBuildConfiguration;
			baseConfigurationReference = 758E92A8E5359134AE338153 /* Pods-ListJob.release.xcconfig */;
			buildSettings = {
				ASSETCATALOG_COMPILER_APPICON_NAME = AppIcon;
				CODE_SIGN_STYLE = Automatic;
				DEVELOPMENT_TEAM = RGJ5CW2Q26;
				INFOPLIST_FILE = ListJob/Info.plist;
				LD_RUNPATH_SEARCH_PATHS = (
					"$(inherited)",
					"@executable_path/Frameworks",
				);
				PRODUCT_BUNDLE_IDENTIFIER = qn.ListJob;
				PRODUCT_NAME = "$(TARGET_NAME)";
				SWIFT_VERSION = 5.0;
				TARGETED_DEVICE_FAMILY = "1,2";
			};
			name = Release;
		};
/* End XCBuildConfiguration section */

/* Begin XCConfigurationList section */
		B136AEDB23BEDADB00647D93 /* Build configuration list for PBXProject "ListJob" */ = {
			isa = XCConfigurationList;
			buildConfigurations = (
				B136AEF223BEDAE000647D93 /* Debug */,
				B136AEF323BEDAE000647D93 /* Release */,
			);
			defaultConfigurationIsVisible = 0;
			defaultConfigurationName = Release;
		};
		B136AEF423BEDAE000647D93 /* Build configuration list for PBXNativeTarget "ListJob" */ = {
			isa = XCConfigurationList;
			buildConfigurations = (
				B136AEF523BEDAE000647D93 /* Debug */,
				B136AEF623BEDAE000647D93 /* Release */,
			);
			defaultConfigurationIsVisible = 0;
			defaultConfigurationName = Release;
		};
/* End XCConfigurationList section */
	};
	rootObject = B136AED823BEDADB00647D93 /* Project object */;
}
